
Microsoft Visual Studio Solution File, Format Version 12.00
# Visual Studio Version 17
VisualStudioVersion = 17.8.34330.188
MinimumVisualStudioVersion = 10.0.40219.1
Project("{FAE04EC0-301F-11D3-BF4B-00C04F79EFBC}") = "KnuthMorrisPratt", "KnuthMorrisPratt\KnuthMorrisPratt.csproj", "{9FCA946D-F5EC-4FC4-81DA-A5B8EA0D40EC}"
EndProject
Project("{FAE04EC0-301F-11D3-BF4B-00C04F79EFBC}") = "RabinKarp", "RabinKarp\RabinKarp.csproj", "{D727DE09-03E6-410A-89AF-EDA1BBE078ED}"
EndProject
Global
	GlobalSection(SolutionConfigurationPlatforms) = preSolution
		Debug|Any CPU = Debug|Any CPU
		Release|Any CPU = Release|Any CPU
	EndGlobalSection
	GlobalSection(ProjectConfigurationPlatforms) = postSolution
		{9FCA946D-F5EC-4FC4-81DA-A5B8EA0D40EC}.Debug|Any CPU.ActiveCfg = Debug|Any CPU
		{9FCA946D-F5EC-4FC4-81DA-A5B8EA0D40EC}.Debug|Any CPU.Build.0 = Debug|Any CPU
		{9FCA946D-F5EC-4FC4-81DA-A5B8EA0D40EC}.Release|Any CPU.ActiveCfg = Release|Any CPU
		{9FCA946D-F5EC-4FC4-81DA-A5B8EA0D40EC}.Release|Any CPU.Build.0 = Release|Any CPU
		{D727DE09-03E6-410A-89AF-EDA1BBE078ED}.Debug|Any CPU.ActiveCfg = Debug|Any CPU
		{D727DE09-03E6-410A-89AF-EDA1BBE078ED}.Debug|Any CPU.Build.0 = Debug|Any CPU
		{D727DE09-03E6-410A-89AF-EDA1BBE078ED}.Release|Any CPU.ActiveCfg = Release|Any CPU
		{D727DE09-03E6-410A-89AF-EDA1BBE078ED}.Release|Any CPU.Build.0 = Release|Any CPU
	EndGlobalSection
	GlobalSection(SolutionProperties) = preSolution
		HideSolutionNode = FALSE
	EndGlobalSection
	GlobalSection(ExtensibilityGlobals) = postSolution
		SolutionGuid = {BBB1A11A-F80C-4292-A451-43C751D43BC5}
	EndGlobalSection
EndGlobal
